
Microsoft Visual Studio Solution File, Format Version 12.00
Project("{FAE04EC0-301F-11D3-BF4B-00C04F79EFBC}") = "Aula_05_AulaEntity", "Aula_05_AulaEntity\Aula_05_AulaEntity.csproj", "{CC657952-F0E1-4536-95E7-5885D71F14EB}"
EndProject
Global
	GlobalSection(SolutionConfigurationPlatforms) = preSolution
		Debug|Any CPU = Debug|Any CPU
		Release|Any CPU = Release|Any CPU
	EndGlobalSection
	GlobalSection(ProjectConfigurationPlatforms) = postSolution
		{CC657952-F0E1-4536-95E7-5885D71F14EB}.Debug|Any CPU.ActiveCfg = Debug|Any CPU
		{CC657952-F0E1-4536-95E7-5885D71F14EB}.Debug|Any CPU.Build.0 = Debug|Any CPU
		{CC657952-F0E1-4536-95E7-5885D71F14EB}.Release|Any CPU.ActiveCfg = Release|Any CPU
		{CC657952-F0E1-4536-95E7-5885D71F14EB}.Release|Any CPU.Build.0 = Release|Any CPU
	EndGlobalSection
EndGlobal
