
Microsoft Visual Studio Solution File, Format Version 12.00
Project("{FAE04EC0-301F-11D3-BF4B-00C04F79EFBC}") = "Aula_02_Mini_Caixa_Eletronico_MVC", "Aula_02_Mini_Caixa_Eletronico_MVC\Aula_02_Mini_Caixa_Eletronico_MVC.csproj", "{696ACFAB-01D7-4DFD-864F-6F8472ADA100}"
EndProject
Global
	GlobalSection(SolutionConfigurationPlatforms) = preSolution
		Debug|Any CPU = Debug|Any CPU
		Release|Any CPU = Release|Any CPU
	EndGlobalSection
	GlobalSection(ProjectConfigurationPlatforms) = postSolution
		{696ACFAB-01D7-4DFD-864F-6F8472ADA100}.Debug|Any CPU.ActiveCfg = Debug|Any CPU
		{696ACFAB-01D7-4DFD-864F-6F8472ADA100}.Debug|Any CPU.Build.0 = Debug|Any CPU
		{696ACFAB-01D7-4DFD-864F-6F8472ADA100}.Release|Any CPU.ActiveCfg = Release|Any CPU
		{696ACFAB-01D7-4DFD-864F-6F8472ADA100}.Release|Any CPU.Build.0 = Release|Any CPU
	EndGlobalSection
EndGlobal
